<?xml version="1.0" encoding="utf-8"?>
<Project ToolsVersion="4.0" xmlns="http://schemas.microsoft.com/developer/msbuild/2003">
  <ItemGroup>
    <ClCompile Include="BasicShapes.cpp" />
    <ClCompile Include="CharEntity.cpp" />
    <ClCompile Include="Enemy.cpp" />
    <ClCompile Include="Game.cpp" />
    <ClCompile Include="main.cpp" />
    <ClCompile Include="Player.cpp" />
    <ClCompile Include="Spawner.cpp" />
    <ClCompile Include="projectile.hpp" />
    <ClCompile Include="Time.cpp" />
    <ClCompile Include="Weapon.cpp" />
    <ClCompile Include="WeaponEntityClass.cpp" />
    <ClCompile Include="projectialColition.cpp" />
    <ClCompile Include="playerColition.cpp" />
  </ItemGroup>
  <ItemGroup>
    <ClInclude Include="BackGroundClass.hpp" />
    <ClInclude Include="BasicEnemies.hpp" />
    <ClInclude Include="BasicShapes.hpp" />
    <ClInclude Include="CharEntity.hpp" />
    <ClInclude Include="Enemy.hpp" />
    <ClInclude Include="Game.hpp" />
    <ClInclude Include="Spawner.hpp" />
    <ClInclude Include="Time.hpp" />
    <ClInclude Include="MainHeader.hpp" />
    <ClInclude Include="WeaponEntityClass.hpp" />
    <ClInclude Include="Player.hpp" />
  </ItemGroup>
</Project>