<?xml version="1.0" encoding="utf-8"?>
<Project ToolsVersion="4.0" xmlns="http://schemas.microsoft.com/developer/msbuild/2003">
  <ItemGroup>
    <ClCompile Include="BasicShapes.cpp" />
    <ClCompile Include="CharEntity.cpp" />
    <ClCompile Include="Game.cpp" />
    <ClCompile Include="main.cpp" />
    <ClCompile Include="Time.cpp" />
  </ItemGroup>
  <ItemGroup>
    <ClInclude Include="BackGroundClass.hpp" />
    <ClInclude Include="BasicShapes.hpp" />
    <ClInclude Include="CharEntity.hpp" />
    <ClInclude Include="Game.hpp" />
    <ClInclude Include="Time.hpp" />
    <ClInclude Include="MainHeader.hpp" />
  </ItemGroup>
</Project>